
Microsoft Visual Studio Solution File, Format Version 12.00
# Visual Studio Version 17
VisualStudioVersion = 17.11.35312.102
MinimumVisualStudioVersion = 10.0.40219.1
Project("{FAE04EC0-301F-11D3-BF4B-00C04F79EFBC}") = "Практическая работа №13", "Практическая работа №13\Практическая работа №13.csproj", "{647D96A6-E808-4F2D-BDA2-4F16D15F4A9E}"
EndProject
Project("{FAE04EC0-301F-11D3-BF4B-00C04F79EFBC}") = "libmas", "libmas\libmas.csproj", "{B638E1DB-9656-4703-A010-8068F9460BBB}"
EndProject
Global
	GlobalSection(SolutionConfigurationPlatforms) = preSolution
		Debug|Any CPU = Debug|Any CPU
		Release|Any CPU = Release|Any CPU
	EndGlobalSection
	GlobalSection(ProjectConfigurationPlatforms) = postSolution
		{647D96A6-E808-4F2D-BDA2-4F16D15F4A9E}.Debug|Any CPU.ActiveCfg = Debug|Any CPU
		{647D96A6-E808-4F2D-BDA2-4F16D15F4A9E}.Debug|Any CPU.Build.0 = Debug|Any CPU
		{647D96A6-E808-4F2D-BDA2-4F16D15F4A9E}.Release|Any CPU.ActiveCfg = Release|Any CPU
		{647D96A6-E808-4F2D-BDA2-4F16D15F4A9E}.Release|Any CPU.Build.0 = Release|Any CPU
		{B638E1DB-9656-4703-A010-8068F9460BBB}.Debug|Any CPU.ActiveCfg = Debug|Any CPU
		{B638E1DB-9656-4703-A010-8068F9460BBB}.Debug|Any CPU.Build.0 = Debug|Any CPU
		{B638E1DB-9656-4703-A010-8068F9460BBB}.Release|Any CPU.ActiveCfg = Release|Any CPU
		{B638E1DB-9656-4703-A010-8068F9460BBB}.Release|Any CPU.Build.0 = Release|Any CPU
	EndGlobalSection
	GlobalSection(SolutionProperties) = preSolution
		HideSolutionNode = FALSE
	EndGlobalSection
	GlobalSection(ExtensibilityGlobals) = postSolution
		SolutionGuid = {22760AE1-D7C7-4F56-9798-24DFC9862132}
	EndGlobalSection
EndGlobal
